{
  "name": "webpack_code",
  "version": "1.0.0",
  "lockfileVersion": 3,
  "requires": true,
  "packages": {
    "": {
      "name": "webpack_code",
      "version": "1.0.0",
      "license": "ISC",
      "devDependencies": {
        "webpack": "^5.89.0",
        "webpack-cli": "^5.1.4"
      }
    },
    "node_modules/@discoveryjs/json-ext": {
      "version": "0.5.7",
      "resolved": "http://npm.cestc.cn/@discoveryjs/json-ext/download/@discoveryjs/json-ext-0.5.7.tgz",
      "integrity": "sha1-HVcr+74Ut3BOC6Dzm3SBW4SHDXA=",
      "dev": true,
      "license": "MIT",
      "engines": {
        "node": ">=10.0.0"
      }
    },
    "node_modules/@jridgewell/gen-mapping": {
      "version": "0.3.3",
      "resolved": "http://npm.cestc.cn/@jridgewell/gen-mapping/download/@jridgewell/gen-mapping-0.3.3.tgz",
      "integrity": "sha1-fgLm6135AartsIUUIDsJZhQCQJg=",
      "dev": true,
      "license": "MIT",
      "dependencies": {
        "@jridgewell/set-array": "^1.0.1",
        "@jridgewell/sourcemap-codec": "^1.4.10",
        "@jridgewell/trace-mapping": "^0.3.9"
      },
      "engines": {
        "node": ">=6.0.0"
      }
    },
    "node_modules/@jridgewell/resolve-uri": {
      "version": "3.1.1",
      "resolved": "http://npm.cestc.cn/@jridgewell/resolve-uri/download/@jridgewell/resolve-uri-3.1.1.tgz",
      "integrity": "sha1-wIZ5Bj8nlhWjMmWDujqQ0dgsxyE=",
      "dev": true,
      "license": "MIT",
      "engines": {
        "node": ">=6.0.0"
      }
    },
    "node_modules/@jridgewell/set-array": {
      "version": "1.1.2",
      "resolved": "http://npm.cestc.cn/@jridgewell/set-array/download/@jridgewell/set-array-1.1.2.tgz",
      "integrity": "sha1-fGz5mNbSC5FMClWpGuko/yWWXnI=",
      "dev": true,
      "license": "MIT",
      "engines": {
        "node": ">=6.0.0"
      }
    },
    "node_modules/@jridgewell/source-map": {
      "version": "0.3.5",
      "resolved": "http://npm.cestc.cn/@jridgewell/source-map/download/@jridgewell/source-map-0.3.5.tgz",
      "integrity": "sha1-o7tNXGglqrDSgSaPR/atWFNDHpE=",
      "dev": true,
      "license": "MIT",
      "dependencies": {
        "@jridgewell/gen-mapping": "^0.3.0",
        "@jridgewell/trace-mapping": "^0.3.9"
      }
    },
    "node_modules/@jridgewell/sourcemap-codec": {
      "version": "1.4.15",
      "resolved": "http://npm.cestc.cn/@jridgewell/sourcemap-codec/download/@jridgewell/sourcemap-codec-1.4.15.tgz",
      "integrity": "sha1-18bmdVx4VnqVHgSrUu8P0m3lnzI=",
      "dev": true,
      "license": "MIT"
    },
    "node_modules/@jridgewell/trace-mapping": {
      "version": "0.3.20",
      "resolved": "http://npm.cestc.cn/@jridgewell/trace-mapping/download/@jridgewell/trace-mapping-0.3.20.tgz",
      "integrity": "sha1-cuRXB88kD6awgdA2b4JlsM0QGX8=",
      "dev": true,
      "license": "MIT",
      "dependencies": {
        "@jridgewell/resolve-uri": "^3.1.0",
        "@jridgewell/sourcemap-codec": "^1.4.14"
      }
    },
    "node_modules/@types/eslint": {
      "version": "8.44.9",
      "resolved": "http://npm.cestc.cn/@types/eslint/download/@types/eslint-8.44.9.tgz",
      "integrity": "sha1-V5lmMAlkVje9HEWy4afI9Mr4lTQ=",
      "dev": true,
      "license": "MIT",
      "dependencies": {
        "@types/estree": "*",
        "@types/json-schema": "*"
      }
    },
    "node_modules/@types/eslint-scope": {
      "version": "3.7.5",
      "resolved": "http://npm.cestc.cn/@types/eslint-scope/download/@types/eslint-scope-3.7.5.tgz",
      "integrity": "sha1-4osJ27HZ01/fqKiEIl8ARA38Wj4=",
      "dev": true,
      "license": "MIT",
      "dependencies": {
        "@types/eslint": "*",
        "@types/estree": "*"
      }
    },
    "node_modules/@types/estree": {
      "version": "1.0.5",
      "resolved": "http://npm.cestc.cn/@types/estree/download/@types/estree-1.0.5.tgz",
      "integrity": "sha1-ps4+VW4A/ZiV3Yct0XKtDUvWh/Q=",
      "dev": true,
      "license": "MIT"
    },
    "node_modules/@types/json-schema": {
      "version": "7.0.15",
      "resolved": "http://npm.cestc.cn/@types/json-schema/download/@types/json-schema-7.0.15.tgz",
      "integrity": "sha1-WWoXRyM2lNUPatinhp/Lb1bPWEE=",
      "dev": true,
      "license": "MIT"
    },
    "node_modules/@types/node": {
      "version": "20.10.6",
      "resolved": "http://npm.cestc.cn/@types/node/download/@types/node-20.10.6.tgz",
      "integrity": "sha1-o+yEwillgCv3Y9pVsjlEJPIr+7U=",
      "dev": true,
      "license": "MIT",
      "dependencies": {
        "undici-types": "~5.26.4"
      }
    },
    "node_modules/@webassemblyjs/ast": {
      "version": "1.11.6",
      "resolved": "http://npm.cestc.cn/@webassemblyjs/ast/download/@webassemblyjs/ast-1.11.6.tgz",
      "integrity": "sha1-2wRlVdPEE/iWbKUKlRdqDixkLiQ=",
      "dev": true,
      "license": "MIT",
      "dependencies": {
        "@webassemblyjs/helper-numbers": "1.11.6",
        "@webassemblyjs/helper-wasm-bytecode": "1.11.6"
      }
    },
    "node_modules/@webassemblyjs/floating-point-hex-parser": {
      "version": "1.11.6",
      "resolved": "http://npm.cestc.cn/@webassemblyjs/floating-point-hex-parser/download/@webassemblyjs/floating-point-hex-parser-1.11.6.tgz",
      "integrity": "sha1-2svLla/xNcgmD3f6O0xf6mAKZDE=",
      "dev": true,
      "license": "MIT"
    },
    "node_modules/@webassemblyjs/helper-api-error": {
      "version": "1.11.6",
      "resolved": "http://npm.cestc.cn/@webassemblyjs/helper-api-error/download/@webassemblyjs/helper-api-error-1.11.6.tgz",
      "integrity": "sha1-YTL2jErNWdzRQcRLGMvrvZ8vp2g=",
      "dev": true,
      "license": "MIT"
    },
    "node_modules/@webassemblyjs/helper-buffer": {
      "version": "1.11.6",
      "resolved": "http://npm.cestc.cn/@webassemblyjs/helper-buffer/download/@webassemblyjs/helper-buffer-1.11.6.tgz",
      "integrity": "sha1-tm1zxD4pb9XogAbxhST+sPLHwJM=",
      "dev": true,
      "license": "MIT"
    },
    "node_modules/@webassemblyjs/helper-numbers": {
      "version": "1.11.6",
      "resolved": "http://npm.cestc.cn/@webassemblyjs/helper-numbers/download/@webassemblyjs/helper-numbers-1.11.6.tgz",
      "integrity": "sha1-y85efgwb0yz0kFrkRO9kzqkZ8bU=",
      "dev": true,
      "license": "MIT",
      "dependencies": {
        "@webassemblyjs/floating-point-hex-parser": "1.11.6",
        "@webassemblyjs/helper-api-error": "1.11.6",
        "@xtuc/long": "4.2.2"
      }
    },
    "node_modules/@webassemblyjs/helper-wasm-bytecode": {
      "version": "1.11.6",
      "resolved": "http://npm.cestc.cn/@webassemblyjs/helper-wasm-bytecode/download/@webassemblyjs/helper-wasm-bytecode-1.11.6.tgz",
      "integrity": "sha1-uy69s7g6om2bqtTEbUMVKDrNUek=",
      "dev": true,
      "license": "MIT"
    },
    "node_modules/@webassemblyjs/helper-wasm-section": {
      "version": "1.11.6",
      "resolved": "http://npm.cestc.cn/@webassemblyjs/helper-wasm-section/download/@webassemblyjs/helper-wasm-section-1.11.6.tgz",
      "integrity": "sha1-/5fzhjxV7n9YD9XEGjgene9KpXc=",
      "dev": true,
      "license": "MIT",
      "dependencies": {
        "@webassemblyjs/ast": "1.11.6",
        "@webassemblyjs/helper-buffer": "1.11.6",
        "@webassemblyjs/helper-wasm-bytecode": "1.11.6",
        "@webassemblyjs/wasm-gen": "1.11.6"
      }
    },
    "node_modules/@webassemblyjs/ieee754": {
      "version": "1.11.6",
      "resolved": "http://npm.cestc.cn/@webassemblyjs/ieee754/download/@webassemblyjs/ieee754-1.11.6.tgz",
      "integrity": "sha1-u2ZckdCxT//OsOOCmMMprwQ8bjo=",
      "dev": true,
      "license": "MIT",
      "dependencies": {
        "@xtuc/ieee754": "^1.2.0"
      }
    },
    "node_modules/@webassemblyjs/leb128": {
      "version": "1.11.6",
      "resolved": "http://npm.cestc.cn/@webassemblyjs/leb128/download/@webassemblyjs/leb128-1.11.6.tgz",
      "integrity": "sha1-cOYOXoL5rIERi8JTgaCyg4kyQNc=",
      "dev": true,
      "license": "Apache-2.0",
      "dependencies": {
        "@xtuc/long": "4.2.2"
      }
    },
    "node_modules/@webassemblyjs/utf8": {
      "version": "1.11.6",
      "resolved": "http://npm.cestc.cn/@webassemblyjs/utf8/download/@webassemblyjs/utf8-1.11.6.tgz",
      "integrity": "sha1-kPi8NMVhWV/hVmA75yU8280Pq1o=",
      "dev": true,
      "license": "MIT"
    },
    "node_modules/@webassemblyjs/wasm-edit": {
      "version": "1.11.6",
      "resolved": "http://npm.cestc.cn/@webassemblyjs/wasm-edit/download/@webassemblyjs/wasm-edit-1.11.6.tgz",
      "integrity": "sha1-xy+oIgUkybQWJJ89lMKVjf5wzqs=",
      "dev": true,
      "license": "MIT",
      "dependencies": {
        "@webassemblyjs/ast": "1.11.6",
        "@webassemblyjs/helper-buffer": "1.11.6",
        "@webassemblyjs/helper-wasm-bytecode": "1.11.6",
        "@webassemblyjs/helper-wasm-section": "1.11.6",
        "@webassemblyjs/wasm-gen": "1.11.6",
        "@webassemblyjs/wasm-opt": "1.11.6",
        "@webassemblyjs/wasm-parser": "1.11.6",
        "@webassemblyjs/wast-printer": "1.11.6"
      }
    },
    "node_modules/@webassemblyjs/wasm-gen": {
      "version": "1.11.6",
      "resolved": "http://npm.cestc.cn/@webassemblyjs/wasm-gen/download/@webassemblyjs/wasm-gen-1.11.6.tgz",
      "integrity": "sha1-+1KD4Oi0VRzE6cPA1xhKZfr3wmg=",
      "dev": true,
      "license": "MIT",
      "dependencies": {
        "@webassemblyjs/ast": "1.11.6",
        "@webassemblyjs/helper-wasm-bytecode": "1.11.6",
        "@webassemblyjs/ieee754": "1.11.6",
        "@webassemblyjs/leb128": "1.11.6",
        "@webassemblyjs/utf8": "1.11.6"
      }
    },
    "node_modules/@webassemblyjs/wasm-opt": {
      "version": "1.11.6",
      "resolved": "http://npm.cestc.cn/@webassemblyjs/wasm-opt/download/@webassemblyjs/wasm-opt-1.11.6.tgz",
      "integrity": "sha1-2aItZRJIQiykmLCaoyMqgQQUh8I=",
      "dev": true,
      "license": "MIT",
      "dependencies": {
        "@webassemblyjs/ast": "1.11.6",
        "@webassemblyjs/helper-buffer": "1.11.6",
        "@webassemblyjs/wasm-gen": "1.11.6",
        "@webassemblyjs/wasm-parser": "1.11.6"
      }
    },
    "node_modules/@webassemblyjs/wasm-parser": {
      "version": "1.11.6",
      "resolved": "http://npm.cestc.cn/@webassemblyjs/wasm-parser/download/@webassemblyjs/wasm-parser-1.11.6.tgz",
      "integrity": "sha1-u4U3jFJ9+CQASBK723hO6lORdKE=",
      "dev": true,
      "license": "MIT",
      "dependencies": {
        "@webassemblyjs/ast": "1.11.6",
        "@webassemblyjs/helper-api-error": "1.11.6",
        "@webassemblyjs/helper-wasm-bytecode": "1.11.6",
        "@webassemblyjs/ieee754": "1.11.6",
        "@webassemblyjs/leb128": "1.11.6",
        "@webassemblyjs/utf8": "1.11.6"
      }
    },
    "node_modules/@webassemblyjs/wast-printer": {
      "version": "1.11.6",
      "resolved": "http://npm.cestc.cn/@webassemblyjs/wast-printer/download/@webassemblyjs/wast-printer-1.11.6.tgz",
      "integrity": "sha1-p7+N1+NirrFmj/Q/NcuEnxiO/yA=",
      "dev": true,
      "license": "MIT",
      "dependencies": {
        "@webassemblyjs/ast": "1.11.6",
        "@xtuc/long": "4.2.2"
      }
    },
    "node_modules/@webpack-cli/configtest": {
      "version": "2.1.1",
      "resolved": "http://npm.cestc.cn/@webpack-cli/configtest/download/@webpack-cli/configtest-2.1.1.tgz",
      "integrity": "sha1-Oy+FLpHaxuO4X7KjFPuL70bZRkY=",
      "dev": true,
      "license": "MIT",
      "engines": {
        "node": ">=14.15.0"
      },
      "peerDependencies": {
        "webpack": "5.x.x",
        "webpack-cli": "5.x.x"
      }
    },
    "node_modules/@webpack-cli/info": {
      "version": "2.0.2",
      "resolved": "http://npm.cestc.cn/@webpack-cli/info/download/@webpack-cli/info-2.0.2.tgz",
      "integrity": "sha1-zD+/Iu/riP9iMQz4hcWwn0SuD90=",
      "dev": true,
      "license": "MIT",
      "engines": {
        "node": ">=14.15.0"
      },
      "peerDependencies": {
        "webpack": "5.x.x",
        "webpack-cli": "5.x.x"
      }
    },
    "node_modules/@webpack-cli/serve": {
      "version": "2.0.5",
      "resolved": "http://npm.cestc.cn/@webpack-cli/serve/download/@webpack-cli/serve-2.0.5.tgz",
      "integrity": "sha1-Ml20I5XNSf5sFAV/mpAOQn34gQ4=",
      "dev": true,
      "license": "MIT",
      "engines": {
        "node": ">=14.15.0"
      },
      "peerDependencies": {
        "webpack": "5.x.x",
        "webpack-cli": "5.x.x"
      },
      "peerDependenciesMeta": {
        "webpack-dev-server": {
          "optional": true
        }
      }
    },
    "node_modules/@xtuc/ieee754": {
      "version": "1.2.0",
      "resolved": "http://npm.cestc.cn/@xtuc/ieee754/download/@xtuc/ieee754-1.2.0.tgz",
      "integrity": "sha1-7vAUoxRa5Hehy8AM0eVSM23Ot5A=",
      "dev": true,
      "license": "BSD-3-Clause"
    },
    "node_modules/@xtuc/long": {
      "version": "4.2.2",
      "resolved": "http://npm.cestc.cn/@xtuc/long/download/@xtuc/long-4.2.2.tgz",
      "integrity": "sha1-0pHGpOl5ibXGHZrPOWrk/hM6cY0=",
      "dev": true,
      "license": "Apache-2.0"
    },
    "node_modules/acorn": {
      "version": "8.11.3",
      "resolved": "http://npm.cestc.cn/acorn/download/acorn-8.11.3.tgz",
      "integrity": "sha1-ceCxThOk7BYHJLOPt7DyM7G4HXo=",
      "dev": true,
      "license": "MIT",
      "bin": {
        "acorn": "bin/acorn"
      },
      "engines": {
        "node": ">=0.4.0"
      }
    },
    "node_modules/acorn-import-assertions": {
      "version": "1.9.0",
      "resolved": "http://npm.cestc.cn/acorn-import-assertions/download/acorn-import-assertions-1.9.0.tgz",
      "integrity": "sha1-UHJ2JJ1oR5fITgc074SGAzTPsaw=",
      "dev": true,
      "license": "MIT",
      "peerDependencies": {
        "acorn": "^8"
      }
    },
    "node_modules/ajv": {
      "version": "6.12.6",
      "resolved": "http://npm.cestc.cn/ajv/download/ajv-6.12.6.tgz",
      "integrity": "sha1-uvWmLoArB9l3A0WG+MO69a3ybfQ=",
      "dev": true,
      "license": "MIT",
      "dependencies": {
        "fast-deep-equal": "^3.1.1",
        "fast-json-stable-stringify": "^2.0.0",
        "json-schema-traverse": "^0.4.1",
        "uri-js": "^4.2.2"
      },
      "funding": {
        "type": "github",
        "url": "https://github.com/sponsors/epoberezkin"
      }
    },
    "node_modules/ajv-keywords": {
      "version": "3.5.2",
      "resolved": "http://npm.cestc.cn/ajv-keywords/download/ajv-keywords-3.5.2.tgz",
      "integrity": "sha1-MfKdpatuANHC0yms97WSlhTVAU0=",
      "dev": true,
      "license": "MIT",
      "peerDependencies": {
        "ajv": "^6.9.1"
      }
    },
    "node_modules/browserslist": {
      "version": "4.22.2",
      "resolved": "http://npm.cestc.cn/browserslist/download/browserslist-4.22.2.tgz",
      "integrity": "sha1-cExJQwcr2B6hiZfzvSGA6Jx3h0s=",
      "dev": true,
      "funding": [
        {
          "type": "opencollective",
          "url": "https://opencollective.com/browserslist"
        },
        {
          "type": "tidelift",
          "url": "https://tidelift.com/funding/github/npm/browserslist"
        },
        {
          "type": "github",
          "url": "https://github.com/sponsors/ai"
        }
      ],
      "license": "MIT",
      "dependencies": {
        "caniuse-lite": "^1.0.30001565",
        "electron-to-chromium": "^1.4.601",
        "node-releases": "^2.0.14",
        "update-browserslist-db": "^1.0.13"
      },
      "bin": {
        "browserslist": "cli.js"
      },
      "engines": {
        "node": "^6 || ^7 || ^8 || ^9 || ^10 || ^11 || ^12 || >=13.7"
      }
    },
    "node_modules/buffer-from": {
      "version": "1.1.2",
      "resolved": "http://npm.cestc.cn/buffer-from/download/buffer-from-1.1.2.tgz",
      "integrity": "sha1-KxRqb9cugLT1XSVfNe1Zo6mkG9U=",
      "dev": true,
      "license": "MIT"
    },
    "node_modules/caniuse-lite": {
      "version": "1.0.30001572",
      "resolved": "http://npm.cestc.cn/caniuse-lite/download/caniuse-lite-1.0.30001572.tgz",
      "integrity": "sha1-HM99yS0u4vku06VOEbe0owQaz6A=",
      "dev": true,
      "funding": [
        {
          "type": "opencollective",
          "url": "https://opencollective.com/browserslist"
        },
        {
          "type": "tidelift",
          "url": "https://tidelift.com/funding/github/npm/caniuse-lite"
        },
        {
          "type": "github",
          "url": "https://github.com/sponsors/ai"
        }
      ],
      "license": "CC-BY-4.0"
    },
    "node_modules/chrome-trace-event": {
      "version": "1.0.3",
      "resolved": "http://npm.cestc.cn/chrome-trace-event/download/chrome-trace-event-1.0.3.tgz",
      "integrity": "sha1-EBXs7UdB4V0GZkqVfbv1DQQeJqw=",
      "dev": true,
      "license": "MIT",
      "engines": {
        "node": ">=6.0"
      }
    },
    "node_modules/clone-deep": {
      "version": "4.0.1",
      "resolved": "http://npm.cestc.cn/clone-deep/download/clone-deep-4.0.1.tgz",
      "integrity": "sha1-wZ/Zvbv4WUK0/ZechNz31fB8I4c=",
      "dev": true,
      "license": "MIT",
      "dependencies": {
        "is-plain-object": "^2.0.4",
        "kind-of": "^6.0.2",
        "shallow-clone": "^3.0.0"
      },
      "engines": {
        "node": ">=6"
      }
    },
    "node_modules/colorette": {
      "version": "2.0.20",
      "resolved": "http://npm.cestc.cn/colorette/download/colorette-2.0.20.tgz",
      "integrity": "sha1-nreT5oMwZ/cjWQL807CZF6AAqVo=",
      "dev": true,
      "license": "MIT"
    },
    "node_modules/commander": {
      "version": "2.20.3",
      "resolved": "http://npm.cestc.cn/commander/download/commander-2.20.3.tgz",
      "integrity": "sha1-/UhehMA+tIgcIHIrpIA16FMa6zM=",
      "dev": true,
      "license": "MIT"
    },
    "node_modules/cross-spawn": {
      "version": "7.0.3",
      "resolved": "http://npm.cestc.cn/cross-spawn/download/cross-spawn-7.0.3.tgz",
      "integrity": "sha1-9zqFudXUHQRVUcF34ogtSshXKKY=",
      "dev": true,
      "license": "MIT",
      "dependencies": {
        "path-key": "^3.1.0",
        "shebang-command": "^2.0.0",
        "which": "^2.0.1"
      },
      "engines": {
        "node": ">= 8"
      }
    },
    "node_modules/electron-to-chromium": {
      "version": "1.4.616",
      "resolved": "http://npm.cestc.cn/electron-to-chromium/download/electron-to-chromium-1.4.616.tgz",
      "integrity": "sha1-S928LHbh6dv0SezV2j2BGYJupPs=",
      "dev": true,
      "license": "ISC"
    },
    "node_modules/enhanced-resolve": {
      "version": "5.15.0",
      "resolved": "http://npm.cestc.cn/enhanced-resolve/download/enhanced-resolve-5.15.0.tgz",
      "integrity": "sha1-GvlGx9k2A+uI6Yls7kkE3AEunDU=",
      "dev": true,
      "license": "MIT",
      "dependencies": {
        "graceful-fs": "^4.2.4",
        "tapable": "^2.2.0"
      },
      "engines": {
        "node": ">=10.13.0"
      }
    },
    "node_modules/envinfo": {
      "version": "7.11.0",
      "resolved": "http://npm.cestc.cn/envinfo/download/envinfo-7.11.0.tgz",
      "integrity": "sha1-w3k/RChKVf+Mgvrx/9kbxkeOoB8=",
      "dev": true,
      "license": "MIT",
      "bin": {
        "envinfo": "dist/cli.js"
      },
      "engines": {
        "node": ">=4"
      }
    },
    "node_modules/es-module-lexer": {
      "version": "1.4.1",
      "resolved": "http://npm.cestc.cn/es-module-lexer/download/es-module-lexer-1.4.1.tgz",
      "integrity": "sha1-QeohtDkI/moof/y+QwD3kFVTMfU=",
      "dev": true,
      "license": "MIT"
    },
    "node_modules/escalade": {
      "version": "3.1.1",
      "resolved": "http://npm.cestc.cn/escalade/download/escalade-3.1.1.tgz",
      "integrity": "sha1-2M/ccACWXFoBdLSoLqpcBVJ0LkA=",
      "dev": true,
      "license": "MIT",
      "engines": {
        "node": ">=6"
      }
    },
    "node_modules/eslint-scope": {
      "version": "5.1.1",
      "resolved": "http://npm.cestc.cn/eslint-scope/download/eslint-scope-5.1.1.tgz",
      "integrity": "sha1-54blmmbLkrP2wfsNUIqrF0hI9Iw=",
      "dev": true,
      "license": "BSD-2-Clause",
      "dependencies": {
        "esrecurse": "^4.3.0",
        "estraverse": "^4.1.1"
      },
      "engines": {
        "node": ">=8.0.0"
      }
    },
    "node_modules/esrecurse": {
      "version": "4.3.0",
      "resolved": "http://npm.cestc.cn/esrecurse/download/esrecurse-4.3.0.tgz",
      "integrity": "sha1-eteWTWeauyi+5yzsY3WLHF0smSE=",
      "dev": true,
      "license": "BSD-2-Clause",
      "dependencies": {
        "estraverse": "^5.2.0"
      },
      "engines": {
        "node": ">=4.0"
      }
    },
    "node_modules/esrecurse/node_modules/estraverse": {
      "version": "5.3.0",
      "resolved": "http://npm.cestc.cn/estraverse/download/estraverse-5.3.0.tgz",
      "integrity": "sha1-LupSkHAvJquP5TcDcP+GyWXSESM=",
      "dev": true,
      "license": "BSD-2-Clause",
      "engines": {
        "node": ">=4.0"
      }
    },
    "node_modules/estraverse": {
      "version": "4.3.0",
      "resolved": "http://npm.cestc.cn/estraverse/download/estraverse-4.3.0.tgz",
      "integrity": "sha1-OYrT88WiSUi+dyXoPRGn3ijNvR0=",
      "dev": true,
      "license": "BSD-2-Clause",
      "engines": {
        "node": ">=4.0"
      }
    },
    "node_modules/events": {
      "version": "3.3.0",
      "resolved": "http://npm.cestc.cn/events/download/events-3.3.0.tgz",
      "integrity": "sha1-Mala0Kkk4tLEGagTrrLE6HjqdAA=",
      "dev": true,
      "license": "MIT",
      "engines": {
        "node": ">=0.8.x"
      }
    },
    "node_modules/fast-deep-equal": {
      "version": "3.1.3",
      "resolved": "http://npm.cestc.cn/fast-deep-equal/download/fast-deep-equal-3.1.3.tgz",
      "integrity": "sha1-On1WtVnWy8PrUSMlJE5hmmXGxSU=",
      "dev": true,
      "license": "MIT"
    },
    "node_modules/fast-json-stable-stringify": {
      "version": "2.1.0",
      "resolved": "http://npm.cestc.cn/fast-json-stable-stringify/download/fast-json-stable-stringify-2.1.0.tgz",
      "integrity": "sha1-h0v2nG9ATCtdmcSBNBOZ/VWJJjM=",
      "dev": true,
      "license": "MIT"
    },
    "node_modules/fastest-levenshtein": {
      "version": "1.0.16",
      "resolved": "http://npm.cestc.cn/fastest-levenshtein/download/fastest-levenshtein-1.0.16.tgz",
      "integrity": "sha1-IQ5htv8YHekeqbPRuE/e3UfgNOU=",
      "dev": true,
      "license": "MIT",
      "engines": {
        "node": ">= 4.9.1"
      }
    },
    "node_modules/find-up": {
      "version": "4.1.0",
      "resolved": "http://npm.cestc.cn/find-up/download/find-up-4.1.0.tgz",
      "integrity": "sha1-l6/n1s3AvFkoWEt8jXsW6KmqXRk=",
      "dev": true,
      "license": "MIT",
      "dependencies": {
        "locate-path": "^5.0.0",
        "path-exists": "^4.0.0"
      },
      "engines": {
        "node": ">=8"
      }
    },
    "node_modules/flat": {
      "version": "5.0.2",
      "resolved": "http://npm.cestc.cn/flat/download/flat-5.0.2.tgz",
      "integrity": "sha1-jKb+MyBp/6nTJMMnGYxZglnOskE=",
      "dev": true,
      "license": "BSD-3-Clause",
      "bin": {
        "flat": "cli.js"
      }
    },
    "node_modules/function-bind": {
      "version": "1.1.2",
      "resolved": "http://npm.cestc.cn/function-bind/download/function-bind-1.1.2.tgz",
      "integrity": "sha1-LALYZNl/PqbIgwxGTL0Rq26rehw=",
      "dev": true,
      "license": "MIT",
      "funding": {
        "url": "https://github.com/sponsors/ljharb"
      }
    },
    "node_modules/glob-to-regexp": {
      "version": "0.4.1",
      "resolved": "http://npm.cestc.cn/glob-to-regexp/download/glob-to-regexp-0.4.1.tgz",
      "integrity": "sha1-x1KXCHyFG5pXi9IX3VmpL1n+VG4=",
      "dev": true,
      "license": "BSD-2-Clause"
    },
    "node_modules/graceful-fs": {
      "version": "4.2.11",
      "resolved": "http://npm.cestc.cn/graceful-fs/download/graceful-fs-4.2.11.tgz",
      "integrity": "sha1-QYPk6L8Iu24Fu7L30uDI9xLKQOM=",
      "dev": true,
      "license": "ISC"
    },
    "node_modules/has-flag": {
      "version": "4.0.0",
      "resolved": "http://npm.cestc.cn/has-flag/download/has-flag-4.0.0.tgz",
      "integrity": "sha1-lEdx/ZyByBJlxNaUGGDaBrtZR5s=",
      "dev": true,
      "license": "MIT",
      "engines": {
        "node": ">=8"
      }
    },
    "node_modules/hasown": {
      "version": "2.0.0",
      "resolved": "http://npm.cestc.cn/hasown/download/hasown-2.0.0.tgz",
      "integrity": "sha1-9MUT1FSle3x+FlB3jeImsRcAVGw=",
      "dev": true,
      "license": "MIT",
      "dependencies": {
        "function-bind": "^1.1.2"
      },
      "engines": {
        "node": ">= 0.4"
      }
    },
    "node_modules/import-local": {
      "version": "3.1.0",
      "resolved": "http://npm.cestc.cn/import-local/download/import-local-3.1.0.tgz",
      "integrity": "sha1-tEed+KX9RPbNziQHBnVnYGPJXLQ=",
      "dev": true,
      "license": "MIT",
      "dependencies": {
        "pkg-dir": "^4.2.0",
        "resolve-cwd": "^3.0.0"
      },
      "bin": {
        "import-local-fixture": "fixtures/cli.js"
      },
      "engines": {
        "node": ">=8"
      },
      "funding": {
        "url": "https://github.com/sponsors/sindresorhus"
      }
    },
    "node_modules/interpret": {
      "version": "3.1.1",
      "resolved": "http://npm.cestc.cn/interpret/download/interpret-3.1.1.tgz",
      "integrity": "sha1-W+DO7WfKecbEvFzw1+6EPc6hEMQ=",
      "dev": true,
      "license": "MIT",
      "engines": {
        "node": ">=10.13.0"
      }
    },
    "node_modules/is-core-module": {
      "version": "2.13.1",
      "resolved": "http://npm.cestc.cn/is-core-module/download/is-core-module-2.13.1.tgz",
      "integrity": "sha1-rQ11Msb+qdoevcgnQtdFJcYnM4Q=",
      "dev": true,
      "license": "MIT",
      "dependencies": {
        "hasown": "^2.0.0"
      },
      "funding": {
        "url": "https://github.com/sponsors/ljharb"
      }
    },
    "node_modules/is-plain-object": {
      "version": "2.0.4",
      "resolved": "http://npm.cestc.cn/is-plain-object/download/is-plain-object-2.0.4.tgz",
      "integrity": "sha1-LBY7P6+xtgbZ0Xko8FwqHDjgdnc=",
      "dev": true,
      "license": "MIT",
      "dependencies": {
        "isobject": "^3.0.1"
      },
      "engines": {
        "node": ">=0.10.0"
      }
    },
    "node_modules/isexe": {
      "version": "2.0.0",
      "resolved": "http://npm.cestc.cn/isexe/download/isexe-2.0.0.tgz",
      "integrity": "sha1-6PvzdNxVb/iUehDcsFctYz8s+hA=",
      "dev": true,
      "license": "ISC"
    },
    "node_modules/isobject": {
      "version": "3.0.1",
      "resolved": "http://npm.cestc.cn/isobject/download/isobject-3.0.1.tgz",
      "integrity": "sha1-TkMekrEalzFjaqH5yNHMvP2reN8=",
      "dev": true,
      "license": "MIT",
      "engines": {
        "node": ">=0.10.0"
      }
    },
    "node_modules/jest-worker": {
      "version": "27.5.1",
      "resolved": "http://npm.cestc.cn/jest-worker/download/jest-worker-27.5.1.tgz",
      "integrity": "sha1-jRRvCQDolzsQa29zzB6ajLhvjbA=",
      "dev": true,
      "license": "MIT",
      "dependencies": {
        "@types/node": "*",
        "merge-stream": "^2.0.0",
        "supports-color": "^8.0.0"
      },
      "engines": {
        "node": ">= 10.13.0"
      }
    },
    "node_modules/json-parse-even-better-errors": {
      "version": "2.3.1",
      "resolved": "http://npm.cestc.cn/json-parse-even-better-errors/download/json-parse-even-better-errors-2.3.1.tgz",
      "integrity": "sha1-fEeAWpQxmSjgV3dAXcEuH3pO4C0=",
      "dev": true,
      "license": "MIT"
    },
    "node_modules/json-schema-traverse": {
      "version": "0.4.1",
      "resolved": "http://npm.cestc.cn/json-schema-traverse/download/json-schema-traverse-0.4.1.tgz",
      "integrity": "sha1-afaofZUTq4u4/mO9sJecRI5oRmA=",
      "dev": true,
      "license": "MIT"
    },
    "node_modules/kind-of": {
      "version": "6.0.3",
      "resolved": "http://npm.cestc.cn/kind-of/download/kind-of-6.0.3.tgz",
      "integrity": "sha1-B8BQNKbDSfoG4k+jWqdttFgM5N0=",
      "dev": true,
      "license": "MIT",
      "engines": {
        "node": ">=0.10.0"
      }
    },
    "node_modules/loader-runner": {
      "version": "4.3.0",
      "resolved": "http://npm.cestc.cn/loader-runner/download/loader-runner-4.3.0.tgz",
      "integrity": "sha1-wbShY7mfYUgwNTsWdV5xSawjFOE=",
      "dev": true,
      "license": "MIT",
      "engines": {
        "node": ">=6.11.5"
      }
    },
    "node_modules/locate-path": {
      "version": "5.0.0",
      "resolved": "http://npm.cestc.cn/locate-path/download/locate-path-5.0.0.tgz",
      "integrity": "sha1-Gvujlq/WdqbUJQTQpno6frn2KqA=",
      "dev": true,
      "license": "MIT",
      "dependencies": {
        "p-locate": "^4.1.0"
      },
      "engines": {
        "node": ">=8"
      }
    },
    "node_modules/merge-stream": {
      "version": "2.0.0",
      "resolved": "http://npm.cestc.cn/merge-stream/download/merge-stream-2.0.0.tgz",
      "integrity": "sha1-UoI2KaFN0AyXcPtq1H3GMQ8sH2A=",
      "dev": true,
      "license": "MIT"
    },
    "node_modules/mime-db": {
      "version": "1.52.0",
      "resolved": "http://npm.cestc.cn/mime-db/download/mime-db-1.52.0.tgz",
      "integrity": "sha1-u6vNwChZ9JhzAchW4zh85exDv3A=",
      "dev": true,
      "license": "MIT",
      "engines": {
        "node": ">= 0.6"
      }
    },
    "node_modules/mime-types": {
      "version": "2.1.35",
      "resolved": "http://npm.cestc.cn/mime-types/download/mime-types-2.1.35.tgz",
      "integrity": "sha1-OBqHG2KnNEUGYK497uRIE/cNlZo=",
      "dev": true,
      "license": "MIT",
      "dependencies": {
        "mime-db": "1.52.0"
      },
      "engines": {
        "node": ">= 0.6"
      }
    },
    "node_modules/neo-async": {
      "version": "2.6.2",
      "resolved": "http://npm.cestc.cn/neo-async/download/neo-async-2.6.2.tgz",
      "integrity": "sha1-tKr7k+OustgXTKU88WOrfXMIMF8=",
      "dev": true,
      "license": "MIT"
    },
    "node_modules/node-releases": {
      "version": "2.0.14",
      "resolved": "http://npm.cestc.cn/node-releases/download/node-releases-2.0.14.tgz",
      "integrity": "sha1-L/sFO864sr6Elezhq2zmAMRGGws=",
      "dev": true,
      "license": "MIT"
    },
    "node_modules/p-limit": {
      "version": "2.3.0",
      "resolved": "http://npm.cestc.cn/p-limit/download/p-limit-2.3.0.tgz",
      "integrity": "sha1-PdM8ZHohT9//2DWTPrCG2g3CHbE=",
      "dev": true,
      "license": "MIT",
      "dependencies": {
        "p-try": "^2.0.0"
      },
      "engines": {
        "node": ">=6"
      },
      "funding": {
        "url": "https://github.com/sponsors/sindresorhus"
      }
    },
    "node_modules/p-locate": {
      "version": "4.1.0",
      "resolved": "http://npm.cestc.cn/p-locate/download/p-locate-4.1.0.tgz",
      "integrity": "sha1-o0KLtwiLOmApL2aRkni3wpetTwc=",
      "dev": true,
      "license": "MIT",
      "dependencies": {
        "p-limit": "^2.2.0"
      },
      "engines": {
        "node": ">=8"
      }
    },
    "node_modules/p-try": {
      "version": "2.2.0",
      "resolved": "http://npm.cestc.cn/p-try/download/p-try-2.2.0.tgz",
      "integrity": "sha1-yyhoVA4xPWHeWPr741zpAE1VQOY=",
      "dev": true,
      "license": "MIT",
      "engines": {
        "node": ">=6"
      }
    },
    "node_modules/path-exists": {
      "version": "4.0.0",
      "resolved": "http://npm.cestc.cn/path-exists/download/path-exists-4.0.0.tgz",
      "integrity": "sha1-UTvb4tO5XXdi6METfvoZXGxhtbM=",
      "dev": true,
      "license": "MIT",
      "engines": {
        "node": ">=8"
      }
    },
    "node_modules/path-key": {
      "version": "3.1.1",
      "resolved": "http://npm.cestc.cn/path-key/download/path-key-3.1.1.tgz",
      "integrity": "sha1-WB9q3mWMu6ZaDTOA3ndTKVBU83U=",
      "dev": true,
      "license": "MIT",
      "engines": {
        "node": ">=8"
      }
    },
    "node_modules/path-parse": {
      "version": "1.0.7",
      "resolved": "http://npm.cestc.cn/path-parse/download/path-parse-1.0.7.tgz",
      "integrity": "sha1-+8EUtgykKzDZ2vWFjkvWi77bZzU=",
      "dev": true,
      "license": "MIT"
    },
    "node_modules/picocolors": {
      "version": "1.0.0",
      "resolved": "http://npm.cestc.cn/picocolors/download/picocolors-1.0.0.tgz",
      "integrity": "sha1-y1vcdP8/UYkiNur3nWi8RFZKuBw=",
      "dev": true,
      "license": "ISC"
    },
    "node_modules/pkg-dir": {
      "version": "4.2.0",
      "resolved": "http://npm.cestc.cn/pkg-dir/download/pkg-dir-4.2.0.tgz",
      "integrity": "sha1-8JkTPfft5CLoHR2ESCcO6z5CYfM=",
      "dev": true,
      "license": "MIT",
      "dependencies": {
        "find-up": "^4.0.0"
      },
      "engines": {
        "node": ">=8"
      }
    },
    "node_modules/punycode": {
      "version": "2.3.1",
      "resolved": "http://npm.cestc.cn/punycode/download/punycode-2.3.1.tgz",
      "integrity": "sha1-AnQi4vrsCyXhVJw+G9gwm5EztuU=",
      "dev": true,
      "license": "MIT",
      "engines": {
        "node": ">=6"
      }
    },
    "node_modules/randombytes": {
      "version": "2.1.0",
      "resolved": "http://npm.cestc.cn/randombytes/download/randombytes-2.1.0.tgz",
      "integrity": "sha1-32+ENy8CcNxlzfYpE0mrekc9Tyo=",
      "dev": true,
      "license": "MIT",
      "dependencies": {
        "safe-buffer": "^5.1.0"
      }
    },
    "node_modules/rechoir": {
      "version": "0.8.0",
      "resolved": "http://npm.cestc.cn/rechoir/download/rechoir-0.8.0.tgz",
      "integrity": "sha1-Sfhm4NMhRhQto62PDv81KzIV/yI=",
      "dev": true,
      "license": "MIT",
      "dependencies": {
        "resolve": "^1.20.0"
      },
      "engines": {
        "node": ">= 10.13.0"
      }
    },
    "node_modules/resolve": {
      "version": "1.22.8",
      "resolved": "http://npm.cestc.cn/resolve/download/resolve-1.22.8.tgz",
      "integrity": "sha1-tsh6nyqgbfq1Lj1wrIzeMh+lpI0=",
      "dev": true,
      "license": "MIT",
      "dependencies": {
        "is-core-module": "^2.13.0",
        "path-parse": "^1.0.7",
        "supports-preserve-symlinks-flag": "^1.0.0"
      },
      "bin": {
        "resolve": "bin/resolve"
      },
      "funding": {
        "url": "https://github.com/sponsors/ljharb"
      }
    },
    "node_modules/resolve-cwd": {
      "version": "3.0.0",
      "resolved": "http://npm.cestc.cn/resolve-cwd/download/resolve-cwd-3.0.0.tgz",
      "integrity": "sha1-DwB18bslRHZs9zumpuKt/ryxPy0=",
      "dev": true,
      "license": "MIT",
      "dependencies": {
        "resolve-from": "^5.0.0"
      },
      "engines": {
        "node": ">=8"
      }
    },
    "node_modules/resolve-from": {
      "version": "5.0.0",
      "resolved": "http://npm.cestc.cn/resolve-from/download/resolve-from-5.0.0.tgz",
      "integrity": "sha1-w1IlhD3493bfIcV1V7wIfp39/Gk=",
      "dev": true,
      "license": "MIT",
      "engines": {
        "node": ">=8"
      }
    },
    "node_modules/safe-buffer": {
      "version": "5.2.1",
      "resolved": "http://npm.cestc.cn/safe-buffer/download/safe-buffer-5.2.1.tgz",
      "integrity": "sha1-Hq+fqb2x/dTsdfWPnNtOa3gn7sY=",
      "dev": true,
      "funding": [
        {
          "type": "github",
          "url": "https://github.com/sponsors/feross"
        },
        {
          "type": "patreon",
          "url": "https://www.patreon.com/feross"
        },
        {
          "type": "consulting",
          "url": "https://feross.org/support"
        }
      ],
      "license": "MIT"
    },
    "node_modules/schema-utils": {
      "version": "3.3.0",
      "resolved": "http://npm.cestc.cn/schema-utils/download/schema-utils-3.3.0.tgz",
      "integrity": "sha1-9QqIh3w8AWUqFbYirp6Xld96YP4=",
      "dev": true,
      "license": "MIT",
      "dependencies": {
        "@types/json-schema": "^7.0.8",
        "ajv": "^6.12.5",
        "ajv-keywords": "^3.5.2"
      },
      "engines": {
        "node": ">= 10.13.0"
      },
      "funding": {
        "type": "opencollective",
        "url": "https://opencollective.com/webpack"
      }
    },
    "node_modules/serialize-javascript": {
      "version": "6.0.1",
      "resolved": "http://npm.cestc.cn/serialize-javascript/download/serialize-javascript-6.0.1.tgz",
      "integrity": "sha1-sgbvsnw9oLCra1L0jRcLeZZFjlw=",
      "dev": true,
      "license": "BSD-3-Clause",
      "dependencies": {
        "randombytes": "^2.1.0"
      }
    },
    "node_modules/shallow-clone": {
      "version": "3.0.1",
      "resolved": "http://npm.cestc.cn/shallow-clone/download/shallow-clone-3.0.1.tgz",
      "integrity": "sha1-jymBrZJTH1UDWwH7IwdppA4C76M=",
      "dev": true,
      "license": "MIT",
      "dependencies": {
        "kind-of": "^6.0.2"
      },
      "engines": {
        "node": ">=8"
      }
    },
    "node_modules/shebang-command": {
      "version": "2.0.0",
      "resolved": "http://npm.cestc.cn/shebang-command/download/shebang-command-2.0.0.tgz",
      "integrity": "sha1-zNCvT4g1+9wmW4JGGq8MNmY/NOo=",
      "dev": true,
      "license": "MIT",
      "dependencies": {
        "shebang-regex": "^3.0.0"
      },
      "engines": {
        "node": ">=8"
      }
    },
    "node_modules/shebang-regex": {
      "version": "3.0.0",
      "resolved": "http://npm.cestc.cn/shebang-regex/download/shebang-regex-3.0.0.tgz",
      "integrity": "sha1-rhbxZE2HPsrYQ7AwexQzYtTEIXI=",
      "dev": true,
      "license": "MIT",
      "engines": {
        "node": ">=8"
      }
    },
    "node_modules/source-map": {
      "version": "0.6.1",
      "resolved": "http://npm.cestc.cn/source-map/download/source-map-0.6.1.tgz",
      "integrity": "sha1-dHIq8y6WFOnCh6jQu95IteLxomM=",
      "dev": true,
      "license": "BSD-3-Clause",
      "engines": {
        "node": ">=0.10.0"
      }
    },
    "node_modules/source-map-support": {
      "version": "0.5.21",
      "resolved": "http://npm.cestc.cn/source-map-support/download/source-map-support-0.5.21.tgz",
      "integrity": "sha1-BP58f54e0tZiIzwoyys1ufY/bk8=",
      "dev": true,
      "license": "MIT",
      "dependencies": {
        "buffer-from": "^1.0.0",
        "source-map": "^0.6.0"
      }
    },
    "node_modules/supports-color": {
      "version": "8.1.1",
      "resolved": "http://npm.cestc.cn/supports-color/download/supports-color-8.1.1.tgz",
      "integrity": "sha1-zW/BfihQDP9WwbhsCn/UpUpzAFw=",
      "dev": true,
      "license": "MIT",
      "dependencies": {
        "has-flag": "^4.0.0"
      },
      "engines": {
        "node": ">=10"
      },
      "funding": {
        "url": "https://github.com/chalk/supports-color?sponsor=1"
      }
    },
    "node_modules/supports-preserve-symlinks-flag": {
      "version": "1.0.0",
      "resolved": "http://npm.cestc.cn/supports-preserve-symlinks-flag/download/supports-preserve-symlinks-flag-1.0.0.tgz",
      "integrity": "sha1-btpL00SjyUrqN21MwxvHcxEDngk=",
      "dev": true,
      "license": "MIT",
      "engines": {
        "node": ">= 0.4"
      },
      "funding": {
        "url": "https://github.com/sponsors/ljharb"
      }
    },
    "node_modules/tapable": {
      "version": "2.2.1",
      "resolved": "http://npm.cestc.cn/tapable/download/tapable-2.2.1.tgz",
      "integrity": "sha1-GWenPvQGCoLxKrlq+G1S/bdu7KA=",
      "dev": true,
      "license": "MIT",
      "engines": {
        "node": ">=6"
      }
    },
    "node_modules/terser": {
      "version": "5.26.0",
      "resolved": "http://npm.cestc.cn/terser/download/terser-5.26.0.tgz",
      "integrity": "sha1-7p8F2Sn0GJqcKKD+uInZbVASb+E=",
      "dev": true,
      "license": "BSD-2-Clause",
      "dependencies": {
        "@jridgewell/source-map": "^0.3.3",
        "acorn": "^8.8.2",
        "commander": "^2.20.0",
        "source-map-support": "~0.5.20"
      },
      "bin": {
        "terser": "bin/terser"
      },
      "engines": {
        "node": ">=10"
      }
    },
    "node_modules/terser-webpack-plugin": {
      "version": "5.3.10",
      "resolved": "http://npm.cestc.cn/terser-webpack-plugin/download/terser-webpack-plugin-5.3.10.tgz",
      "integrity": "sha1-kE9MkZPG/SoD9pOiFQxiqS9A0Zk=",
      "dev": true,
      "license": "MIT",
      "dependencies": {
        "@jridgewell/trace-mapping": "^0.3.20",
        "jest-worker": "^27.4.5",
        "schema-utils": "^3.1.1",
        "serialize-javascript": "^6.0.1",
        "terser": "^5.26.0"
      },
      "engines": {
        "node": ">= 10.13.0"
      },
      "funding": {
        "type": "opencollective",
        "url": "https://opencollective.com/webpack"
      },
      "peerDependencies": {
        "webpack": "^5.1.0"
      },
      "peerDependenciesMeta": {
        "@swc/core": {
          "optional": true
        },
        "esbuild": {
          "optional": true
        },
        "uglify-js": {
          "optional": true
        }
      }
    },
    "node_modules/undici-types": {
      "version": "5.26.5",
      "resolved": "http://npm.cestc.cn/undici-types/download/undici-types-5.26.5.tgz",
      "integrity": "sha1-vNU5iT0AtW6WT9JlekhmsiGmVhc=",
      "dev": true,
      "license": "MIT"
    },
    "node_modules/update-browserslist-db": {
      "version": "1.0.13",
      "resolved": "http://npm.cestc.cn/update-browserslist-db/download/update-browserslist-db-1.0.13.tgz",
      "integrity": "sha1-PF5PXAg2Yb0472S2Mowm7WyCSMQ=",
      "dev": true,
      "funding": [
        {
          "type": "opencollective",
          "url": "https://opencollective.com/browserslist"
        },
        {
          "type": "tidelift",
          "url": "https://tidelift.com/funding/github/npm/browserslist"
        },
        {
          "type": "github",
          "url": "https://github.com/sponsors/ai"
        }
      ],
      "license": "MIT",
      "dependencies": {
        "escalade": "^3.1.1",
        "picocolors": "^1.0.0"
      },
      "bin": {
        "update-browserslist-db": "cli.js"
      },
      "peerDependencies": {
        "browserslist": ">= 4.21.0"
      }
    },
    "node_modules/uri-js": {
      "version": "4.4.1",
      "resolved": "http://npm.cestc.cn/uri-js/download/uri-js-4.4.1.tgz",
      "integrity": "sha1-mxpSWVIlhZ5V9mnZKPiMbFfyp34=",
      "dev": true,
      "license": "BSD-2-Clause",
      "dependencies": {
        "punycode": "^2.1.0"
      }
    },
    "node_modules/watchpack": {
      "version": "2.4.0",
      "resolved": "http://npm.cestc.cn/watchpack/download/watchpack-2.4.0.tgz",
      "integrity": "sha1-+jMDI3SWLHgRP5PH8vtMVMmGKl0=",
      "dev": true,
      "license": "MIT",
      "dependencies": {
        "glob-to-regexp": "^0.4.1",
        "graceful-fs": "^4.1.2"
      },
      "engines": {
        "node": ">=10.13.0"
      }
    },
    "node_modules/webpack": {
      "version": "5.89.0",
      "resolved": "http://npm.cestc.cn/webpack/download/webpack-5.89.0.tgz",
      "integrity": "sha1-Vri/mjQ1bpOmYldwAGSQvzp/Mtw=",
      "dev": true,
      "license": "MIT",
      "dependencies": {
        "@types/eslint-scope": "^3.7.3",
        "@types/estree": "^1.0.0",
        "@webassemblyjs/ast": "^1.11.5",
        "@webassemblyjs/wasm-edit": "^1.11.5",
        "@webassemblyjs/wasm-parser": "^1.11.5",
        "acorn": "^8.7.1",
        "acorn-import-assertions": "^1.9.0",
        "browserslist": "^4.14.5",
        "chrome-trace-event": "^1.0.2",
        "enhanced-resolve": "^5.15.0",
        "es-module-lexer": "^1.2.1",
        "eslint-scope": "5.1.1",
        "events": "^3.2.0",
        "glob-to-regexp": "^0.4.1",
        "graceful-fs": "^4.2.9",
        "json-parse-even-better-errors": "^2.3.1",
        "loader-runner": "^4.2.0",
        "mime-types": "^2.1.27",
        "neo-async": "^2.6.2",
        "schema-utils": "^3.2.0",
        "tapable": "^2.1.1",
        "terser-webpack-plugin": "^5.3.7",
        "watchpack": "^2.4.0",
        "webpack-sources": "^3.2.3"
      },
      "bin": {
        "webpack": "bin/webpack.js"
      },
      "engines": {
        "node": ">=10.13.0"
      },
      "funding": {
        "type": "opencollective",
        "url": "https://opencollective.com/webpack"
      },
      "peerDependenciesMeta": {
        "webpack-cli": {
          "optional": true
        }
      }
    },
    "node_modules/webpack-cli": {
      "version": "5.1.4",
      "resolved": "http://npm.cestc.cn/webpack-cli/download/webpack-cli-5.1.4.tgz",
      "integrity": "sha1-yOBGun6q5JEdfnHislt3b8w1dZs=",
      "dev": true,
      "license": "MIT",
      "dependencies": {
        "@discoveryjs/json-ext": "^0.5.0",
        "@webpack-cli/configtest": "^2.1.1",
        "@webpack-cli/info": "^2.0.2",
        "@webpack-cli/serve": "^2.0.5",
        "colorette": "^2.0.14",
        "commander": "^10.0.1",
        "cross-spawn": "^7.0.3",
        "envinfo": "^7.7.3",
        "fastest-levenshtein": "^1.0.12",
        "import-local": "^3.0.2",
        "interpret": "^3.1.1",
        "rechoir": "^0.8.0",
        "webpack-merge": "^5.7.3"
      },
      "bin": {
        "webpack-cli": "bin/cli.js"
      },
      "engines": {
        "node": ">=14.15.0"
      },
      "funding": {
        "type": "opencollective",
        "url": "https://opencollective.com/webpack"
      },
      "peerDependencies": {
        "webpack": "5.x.x"
      },
      "peerDependenciesMeta": {
        "@webpack-cli/generators": {
          "optional": true
        },
        "webpack-bundle-analyzer": {
          "optional": true
        },
        "webpack-dev-server": {
          "optional": true
        }
      }
    },
    "node_modules/webpack-cli/node_modules/commander": {
      "version": "10.0.1",
      "resolved": "http://npm.cestc.cn/commander/download/commander-10.0.1.tgz",
      "integrity": "sha1-iB7ka0930cHczFgjQzqjmwIsvgY=",
      "dev": true,
      "license": "MIT",
      "engines": {
        "node": ">=14"
      }
    },
    "node_modules/webpack-merge": {
      "version": "5.10.0",
      "resolved": "http://npm.cestc.cn/webpack-merge/download/webpack-merge-5.10.0.tgz",
      "integrity": "sha1-o61ddzJB6caCgDq/Yo1M1iuKQXc=",
      "dev": true,
      "license": "MIT",
      "dependencies": {
        "clone-deep": "^4.0.1",
        "flat": "^5.0.2",
        "wildcard": "^2.0.0"
      },
      "engines": {
        "node": ">=10.0.0"
      }
    },
    "node_modules/webpack-sources": {
      "version": "3.2.3",
      "resolved": "http://npm.cestc.cn/webpack-sources/download/webpack-sources-3.2.3.tgz",
      "integrity": "sha1-LU2quEUf1LJAzCcFX/agwszqDN4=",
      "dev": true,
      "license": "MIT",
      "engines": {
        "node": ">=10.13.0"
      }
    },
    "node_modules/which": {
      "version": "2.0.2",
      "resolved": "http://npm.cestc.cn/which/download/which-2.0.2.tgz",
      "integrity": "sha1-fGqN0KY2oDJ+ELWckobu6T8/UbE=",
      "dev": true,
      "license": "ISC",
      "dependencies": {
        "isexe": "^2.0.0"
      },
      "bin": {
        "node-which": "bin/node-which"
      },
      "engines": {
        "node": ">= 8"
      }
    },
    "node_modules/wildcard": {
      "version": "2.0.1",
      "resolved": "http://npm.cestc.cn/wildcard/download/wildcard-2.0.1.tgz",
      "integrity": "sha1-WrENAkhxmJVINrY0n3T/+WHhD2c=",
      "dev": true,
      "license": "MIT"
    }
  }
}
